
Microsoft Visual Studio Solution File, Format Version 12.00
# Visual Studio Version 16
VisualStudioVersion = 16.0.32106.194
MinimumVisualStudioVersion = 10.0.40219.1
Project("{9A19103F-16F7-4668-BE54-9A1E7A4F7556}") = "Round", "Round\Round.csproj", "{AA76EADE-7C7F-4425-890F-F56AE3BD4385}"
EndProject
Project("{9A19103F-16F7-4668-BE54-9A1E7A4F7556}") = "RoundTest", "RoundTest\RoundTest.csproj", "{1F617379-250D-4ABA-9EDD-9206C1771669}"
EndProject
Global
	GlobalSection(SolutionConfigurationPlatforms) = preSolution
		Debug|Any CPU = Debug|Any CPU
		Release|Any CPU = Release|Any CPU
	EndGlobalSection
	GlobalSection(ProjectConfigurationPlatforms) = postSolution
		{AA76EADE-7C7F-4425-890F-F56AE3BD4385}.Debug|Any CPU.ActiveCfg = Debug|Any CPU
		{AA76EADE-7C7F-4425-890F-F56AE3BD4385}.Debug|Any CPU.Build.0 = Debug|Any CPU
		{AA76EADE-7C7F-4425-890F-F56AE3BD4385}.Release|Any CPU.ActiveCfg = Release|Any CPU
		{AA76EADE-7C7F-4425-890F-F56AE3BD4385}.Release|Any CPU.Build.0 = Release|Any CPU
		{1F617379-250D-4ABA-9EDD-9206C1771669}.Debug|Any CPU.ActiveCfg = Debug|Any CPU
		{1F617379-250D-4ABA-9EDD-9206C1771669}.Debug|Any CPU.Build.0 = Debug|Any CPU
		{1F617379-250D-4ABA-9EDD-9206C1771669}.Release|Any CPU.ActiveCfg = Release|Any CPU
		{1F617379-250D-4ABA-9EDD-9206C1771669}.Release|Any CPU.Build.0 = Release|Any CPU
	EndGlobalSection
	GlobalSection(SolutionProperties) = preSolution
		HideSolutionNode = FALSE
	EndGlobalSection
	GlobalSection(ExtensibilityGlobals) = postSolution
		SolutionGuid = {8E04D9D2-674D-49F1-9D54-31B300FEDB55}
	EndGlobalSection
EndGlobal
